
Microsoft Visual Studio Solution File, Format Version 12.00
# Visual Studio for Mac
Project("{FAE04EC0-301F-11D3-BF4B-00C04F79EFBC}") = "Face ID Game", "Assembly-CSharp.csproj", "{7D7168B5-22A8-FA62-0576-4E6A49CB8525}"
EndProject
Global
	GlobalSection(SolutionConfigurationPlatforms) = preSolution
		Debug|Any CPU = Debug|Any CPU
		Release|Any CPU = Release|Any CPU
	EndGlobalSection
	GlobalSection(ProjectConfigurationPlatforms) = postSolution
		{7D7168B5-22A8-FA62-0576-4E6A49CB8525}.Debug|Any CPU.ActiveCfg = Debug|Any CPU
		{7D7168B5-22A8-FA62-0576-4E6A49CB8525}.Debug|Any CPU.Build.0 = Debug|Any CPU
		{7D7168B5-22A8-FA62-0576-4E6A49CB8525}.Release|Any CPU.ActiveCfg = Release|Any CPU
		{7D7168B5-22A8-FA62-0576-4E6A49CB8525}.Release|Any CPU.Build.0 = Release|Any CPU
	EndGlobalSection
	GlobalSection(SolutionProperties) = preSolution
		HideSolutionNode = FALSE
	EndGlobalSection
EndGlobal
